<Solution>
  <Folder Name="/src/">
    <Project Path="TradingSystem.AppHost/TradingSystem.AppHost.csproj" />
    <Project Path="TradingSystem.ServiceDefaults/TradingSystem.ServiceDefaults.csproj" />
  </Folder>
  <Folder Name="/src/Core/" />
  <Folder Name="/src/Core/Core.Contracts/">
    <Project Path="Core.Contracts/Core.Contracts.csproj" />
  </Folder>
  <Folder Name="/src/Core/Core.MessageBus/">
    <Project Path="MessageBus.cs/Core.MessageBus.csproj" />
  </Folder>
  <Folder Name="/src/Core/Core.Models/">
    <Project Path="TradingSystem.Core.Models/Core.Models.csproj" />
  </Folder>
  <Folder Name="/src/Services/" />
  <Folder Name="/src/Services/Exchange.Connector/">
    <Project Path="Exchange.Connector/Exchange.Connector.csproj" />
  </Folder>
  <Folder Name="/src/Services/Exchange.Connector/Controllers/">
    <File Path="OrdersController.cs" />
  </Folder>
  <Folder Name="/src/Services/Exchange.Connector/Properties/">
    <File Path="launchSettings.json" />
  </Folder>
  <Folder Name="/src/Services/MarketData.Generator/">
    <Project Path="MarketData.Generator/MarketData.Generator.csproj" />
  </Folder>
  <Folder Name="/src/Services/MarketData.Storage/">
    <Project Path="MarketData.Storage/MarketData.Storage.csproj" />
  </Folder>
  <Folder Name="/tests/" />
</Solution>
