<Solution>
  <Folder Name="/Src/">
    <Project Path="Trading.App/Trading.App.csproj" />
    <Project Path="Trading.Core/Trading.Core.csproj" />
    <Project Path="Trading.Dashboard/Trading.Dashboard.csproj" />
    <Project Path="Trading.Domain/Trading.Domain.csproj" />
    <Project Path="Trading.EventBus.RabbitMQ/Trading.EventBus.RabbitMQ.csproj" Id="7979b1db-2493-4495-898b-e013cd2e6d28" />
    <Project Path="Trading.Processors/Trading.Processors.csproj" />
    <Project Path="Trading.Storage/Trading.Storage.csproj" />
    <Project Path="TradingPlatform.AppHost/TradingPlatform.AppHost.csproj" Id="24c3e569-1c7a-46b6-96a2-348374cde661" />
    <Project Path="TradingPlatform.ServiceDefaults/TradingPlatform.ServiceDefaults.csproj" />
  </Folder>
  <Folder Name="/Tests/">
    <Project Path="Trading.Tests/Trading.Tests.csproj" />
  </Folder>
</Solution>
