<Solution>
  <Folder Name="/Branch01/">
    <Project Path="FractalCellApp052/FractalCellApp052.csproj" />
    <Project Path="FractalCellApp053/FractalCellApp053.csproj" />
    <Project Path="FractalCellCore052/FractalCellCore052.csproj" />
    <Project Path="FractalCellCore053/FractalCellCore053.csproj" />
  </Folder>
  <Folder Name="/Branch02/">
    <Project Path="FractalCellApp055/FractalCellApp055.csproj" />
    <Project Path="FractalCellApp058/FractalCellApp058.csproj" Id="9f4e4555-dcaa-455d-adcb-dd72939d78b4" />
    <Project Path="FractalCellCore055/FractalCellCore055.csproj" />
    <Project Path="FractalCellCore058/FractalCellCore058.csproj" Id="ce983976-2734-4e4a-8cfe-2f847b465e63" />
  </Folder>
  <Project Path="WorkerService01/WorkerService01.csproj" />
</Solution>
