<Solution>
  <Project Path="CA_FractalBlock01/CA_FractalBlock01.csproj" Id="99d5ad24-ccf9-48da-a85c-b77e8ccdee50" />
  <Project Path="FractalBlock01/FractalBlock01.csproj" Id="924a3398-9ee7-4bf9-8600-c0b2a10845a2" />
  <Project Path="FractalCell01/FractalCell01.csproj" />
  <Project Path="FractalCell02/FractalCell02.csproj" Id="74732680-d67c-406b-a4d8-f186e22bde56" />
  <Project Path="FractalCell03/FractalCell03.csproj" Id="5edae2c1-5167-4094-9e36-4ef19ce13115" />
  <Project Path="FractalCell05/FractalCell05.csproj" Id="d31d9375-86e4-4a8f-8f28-b3d2be0da447" />
  <Project Path="FractalCell052/FractalCell052.csproj" Id="c1f7343b-f35d-4120-b17c-e9112e712d58" />
  <Project Path="FractalCell08/FractalCell08.csproj" Id="952ea597-9341-4d79-ac55-d7654218f640" />
</Solution>
