<Solution>
  <Folder Name="/FractalCellCoreApp/">
    <Project Path="FractalCellApp01/FractalCellApp01.csproj" Id="e77420d3-ff84-48ba-ad88-4ad8a0b446da" />
    <Project Path="FractalCellApp03/FractalCellApp03.csproj" Id="5d4216da-e63d-4def-b96e-a125e6134a5c" />
    <Project Path="FractalCellApp04/FractalCellApp04.csproj" Id="ba7b6899-0947-4f63-ab1f-af6a3fb12ec5" />
    <Project Path="FractalCellApp05/FractalCellApp05.csproj" Id="66e0afbe-d422-45ca-80bd-5d3ceb099b86" />
    <Project Path="FractalCellApp052/FractalCellApp052.csproj" Id="9cd8fd06-0651-4906-9bb8-bff7217dcb1a" />
    <Project Path="FractalCellCore01/FractalCellCore01.csproj" Id="a90b4a19-0f77-41f8-a7f9-d16b307089a9" />
    <Project Path="FractalCellCore03/FractalCellCore03.csproj" Id="1ad7d42b-316f-4d9e-bf25-d8630cdbdd42" />
    <Project Path="FractalCellCore04/FractalCellCore04.csproj" Id="3afe6ea7-00d3-45d6-a50d-20d0b32dc61a" />
    <Project Path="FractalCellCore05/FractalCellCore05.csproj" Id="8f64f16e-3af4-448b-8b8f-b02acbf565b6" />
    <Project Path="FractalCellCore052/FractalCellCore052.csproj" Id="1223f3d5-2d35-4f86-a55b-41a55ec8040f" />
  </Folder>
  <Project Path="CA_FractalBlock01/CA_FractalBlock01.csproj" Id="99d5ad24-ccf9-48da-a85c-b77e8ccdee50" />
  <Project Path="FractalBlock01/FractalBlock01.csproj" Id="924a3398-9ee7-4bf9-8600-c0b2a10845a2" />
  <Project Path="FractalCell01/FractalCell01.csproj" />
  <Project Path="FractalCell02/FractalCell02.csproj" Id="74732680-d67c-406b-a4d8-f186e22bde56" />
  <Project Path="FractalCell03/FractalCell03.csproj" Id="5edae2c1-5167-4094-9e36-4ef19ce13115" />
  <Project Path="FractalCell05/FractalCell05.csproj" Id="d31d9375-86e4-4a8f-8f28-b3d2be0da447" />
  <Project Path="FractalCell052/FractalCell052.csproj" Id="c1f7343b-f35d-4120-b17c-e9112e712d58" />
  <Project Path="FractalCell08/FractalCell08.csproj" Id="952ea597-9341-4d79-ac55-d7654218f640" />
</Solution>
